<?xml version="1.0" encoding="utf-8"?>
<Project ToolsVersion="4.0" xmlns="http://schemas.microsoft.com/developer/msbuild/2003">
  <ItemGroup>
    <Filter Include="Header Files">
      <UniqueIdentifier>{4d82425a-4b2b-471f-8120-79fddc3b6cc0}</UniqueIdentifier>
      <Extensions>h;hh;hpp;hxx;hm;inl;inc;xsd</Extensions>
    </Filter>
    <Filter Include="Source Files">
      <UniqueIdentifier>{a8398d6c-2936-406f-820b-25fb5f10b3fa}</UniqueIdentifier>
      <Extensions>cpp;c;cc;cxx;def;odl;idl;hpj;bat;asm;asmx</Extensions>
    </Filter>
  </ItemGroup>
  <ItemGroup>
    <ClCompile Include="..\simgear\xml\easyxml.cxx">
      <Filter>Source Files</Filter>
    </ClCompile>
    <ClCompile Include="plotXMLVisitor.cpp">
      <Filter>Source Files</Filter>
    </ClCompile>
    <ClCompile Include="prep_plot.cpp">
      <Filter>Source Files</Filter>
    </ClCompile>
    <ClCompile Include="..\simgear\xml\xmlparse.c">
      <Filter>Source Files</Filter>
    </ClCompile>
    <ClCompile Include="..\simgear\xml\xmlrole.c">
      <Filter>Source Files</Filter>
    </ClCompile>
    <ClCompile Include="..\simgear\xml\xmltok.c">
      <Filter>Source Files</Filter>
    </ClCompile>
  </ItemGroup>
  <ItemGroup>
    <ClInclude Include="..\simgear\xml\ascii.h">
      <Filter>Header Files</Filter>
    </ClInclude>
    <ClInclude Include="..\simgear\xml\asciitab.h">
      <Filter>Header Files</Filter>
    </ClInclude>
    <ClInclude Include="..\simgear\xml\easyxml.hxx">
      <Filter>Header Files</Filter>
    </ClInclude>
    <ClInclude Include="..\simgear\xml\expat.h">
      <Filter>Header Files</Filter>
    </ClInclude>
    <ClInclude Include="..\simgear\xml\expat_config.h">
      <Filter>Header Files</Filter>
    </ClInclude>
    <ClInclude Include="..\simgear\xml\expat_external.h">
      <Filter>Header Files</Filter>
    </ClInclude>
    <ClInclude Include="..\simgear\xml\iasciitab.h">
      <Filter>Header Files</Filter>
    </ClInclude>
    <ClInclude Include="..\simgear\xml\internal.h">
      <Filter>Header Files</Filter>
    </ClInclude>
    <ClInclude Include="..\simgear\xml\latin1tab.h">
      <Filter>Header Files</Filter>
    </ClInclude>
    <ClInclude Include="..\simgear\xml\macconfig.h">
      <Filter>Header Files</Filter>
    </ClInclude>
    <ClInclude Include="..\simgear\xml\nametab.h">
      <Filter>Header Files</Filter>
    </ClInclude>
    <ClInclude Include="plotXMLVisitor.h">
      <Filter>Header Files</Filter>
    </ClInclude>
    <ClInclude Include="..\simgear\xml\utf8tab.h">
      <Filter>Header Files</Filter>
    </ClInclude>
    <ClInclude Include="..\simgear\xml\winconfig.h">
      <Filter>Header Files</Filter>
    </ClInclude>
    <ClInclude Include="..\simgear\xml\xmlrole.h">
      <Filter>Header Files</Filter>
    </ClInclude>
    <ClInclude Include="..\simgear\xml\xmltok.h">
      <Filter>Header Files</Filter>
    </ClInclude>
    <ClInclude Include="..\simgear\xml\xmltok_impl.h">
      <Filter>Header Files</Filter>
    </ClInclude>
  </ItemGroup>
</Project>